
Microsoft Visual Studio Solution File, Format Version 12.00
# Visual Studio Version 17
VisualStudioVersion = 17.10.35027.167
MinimumVisualStudioVersion = 10.0.40219.1
Project("{9A19103F-16F7-4668-BE54-9A1E7A4F7556}") = "CoordinatesProcessor", "CoordinatesProcessor\CoordinatesProcessor.csproj", "{EEC13C93-6D01-4C8E-A59F-63BA0A65E849}"
EndProject
Project("{9A19103F-16F7-4668-BE54-9A1E7A4F7556}") = "CoordinatesClient", "CoordinatesClient\CoordinatesClient.csproj", "{0D4C65AF-87D5-4449-9C86-5FFF720D02CB}"
EndProject
Global
	GlobalSection(SolutionConfigurationPlatforms) = preSolution
		Debug|Any CPU = Debug|Any CPU
		Release|Any CPU = Release|Any CPU
	EndGlobalSection
	GlobalSection(ProjectConfigurationPlatforms) = postSolution
		{EEC13C93-6D01-4C8E-A59F-63BA0A65E849}.Debug|Any CPU.ActiveCfg = Debug|Any CPU
		{EEC13C93-6D01-4C8E-A59F-63BA0A65E849}.Debug|Any CPU.Build.0 = Debug|Any CPU
		{EEC13C93-6D01-4C8E-A59F-63BA0A65E849}.Release|Any CPU.ActiveCfg = Release|Any CPU
		{EEC13C93-6D01-4C8E-A59F-63BA0A65E849}.Release|Any CPU.Build.0 = Release|Any CPU
		{0D4C65AF-87D5-4449-9C86-5FFF720D02CB}.Debug|Any CPU.ActiveCfg = Debug|Any CPU
		{0D4C65AF-87D5-4449-9C86-5FFF720D02CB}.Debug|Any CPU.Build.0 = Debug|Any CPU
		{0D4C65AF-87D5-4449-9C86-5FFF720D02CB}.Release|Any CPU.ActiveCfg = Release|Any CPU
		{0D4C65AF-87D5-4449-9C86-5FFF720D02CB}.Release|Any CPU.Build.0 = Release|Any CPU
	EndGlobalSection
	GlobalSection(SolutionProperties) = preSolution
		HideSolutionNode = FALSE
	EndGlobalSection
	GlobalSection(ExtensibilityGlobals) = postSolution
		SolutionGuid = {480BDF9D-55DF-445D-874B-D2D1C88E2159}
	EndGlobalSection
EndGlobal
